PODS:
  - Koloda (4.4):
    - pop (~> 1.0)
  - pop (1.0.10)

DEPENDENCIES:
  - Koloda (~> 4.4)

SPEC REPOS:
  https://github.com/cocoapods/specs.git:
    - Koloda
    - pop

SPEC CHECKSUMS:
  Koloda: 0f3c51580d9d547c66a5cd9e4771611afc3e259e
  pop: 82ca6b068ce9278fd350fd9dd09482a0ce9492e6

PODFILE CHECKSUM: 70c9df7b89f42081e0a68207cf093e992880cef6

COCOAPODS: 1.5.3
